
Microsoft Visual Studio Solution File, Format Version 12.00
# Visual Studio Version 16
VisualStudioVersion = 16.0.30114.105
MinimumVisualStudioVersion = 10.0.40219.1
Project("{FAE04EC0-301F-11D3-BF4B-00C04F79EFBC}") = "R5T.D0028", "R5T.D0028\R5T.D0028.csproj", "{A1A13037-492C-452B-971A-E94BAB6D0085}"
EndProject
Project("{FAE04EC0-301F-11D3-BF4B-00C04F79EFBC}") = "R5T.D0028.Base", "R5T.D0028.Base\R5T.D0028.Base.csproj", "{0FB0AC60-34E6-45A5-A4CA-9271002C5CAE}"
EndProject
Project("{FAE04EC0-301F-11D3-BF4B-00C04F79EFBC}") = "R5T.D0028.Construction", "R5T.D0028.Construction\R5T.D0028.Construction.csproj", "{CCD1E4AA-257D-4DFD-9349-5FB2D760E578}"
EndProject
Project("{FAE04EC0-301F-11D3-BF4B-00C04F79EFBC}") = "R5T.D0028.Default", "R5T.D0028.Default\R5T.D0028.Default.csproj", "{182D9D50-2C7E-4534-ACD4-DDCD1E98678F}"
EndProject
Project("{FAE04EC0-301F-11D3-BF4B-00C04F79EFBC}") = "R5T.D0028.Standard", "R5T.D0028.Standard\R5T.D0028.Standard.csproj", "{2FDE6406-3CF6-4936-B871-C803141C30F1}"
EndProject
Global
	GlobalSection(SolutionConfigurationPlatforms) = preSolution
		Debug|Any CPU = Debug|Any CPU
		Debug|x64 = Debug|x64
		Debug|x86 = Debug|x86
		Release|Any CPU = Release|Any CPU
		Release|x64 = Release|x64
		Release|x86 = Release|x86
	EndGlobalSection
	GlobalSection(SolutionProperties) = preSolution
		HideSolutionNode = FALSE
	EndGlobalSection
	GlobalSection(ProjectConfigurationPlatforms) = postSolution
		{A1A13037-492C-452B-971A-E94BAB6D0085}.Debug|Any CPU.ActiveCfg = Debug|Any CPU
		{A1A13037-492C-452B-971A-E94BAB6D0085}.Debug|Any CPU.Build.0 = Debug|Any CPU
		{A1A13037-492C-452B-971A-E94BAB6D0085}.Debug|x64.ActiveCfg = Debug|Any CPU
		{A1A13037-492C-452B-971A-E94BAB6D0085}.Debug|x64.Build.0 = Debug|Any CPU
		{A1A13037-492C-452B-971A-E94BAB6D0085}.Debug|x86.ActiveCfg = Debug|Any CPU
		{A1A13037-492C-452B-971A-E94BAB6D0085}.Debug|x86.Build.0 = Debug|Any CPU
		{A1A13037-492C-452B-971A-E94BAB6D0085}.Release|Any CPU.ActiveCfg = Release|Any CPU
		{A1A13037-492C-452B-971A-E94BAB6D0085}.Release|Any CPU.Build.0 = Release|Any CPU
		{A1A13037-492C-452B-971A-E94BAB6D0085}.Release|x64.ActiveCfg = Release|Any CPU
		{A1A13037-492C-452B-971A-E94BAB6D0085}.Release|x64.Build.0 = Release|Any CPU
		{A1A13037-492C-452B-971A-E94BAB6D0085}.Release|x86.ActiveCfg = Release|Any CPU
		{A1A13037-492C-452B-971A-E94BAB6D0085}.Release|x86.Build.0 = Release|Any CPU
		{0FB0AC60-34E6-45A5-A4CA-9271002C5CAE}.Debug|Any CPU.ActiveCfg = Debug|Any CPU
		{0FB0AC60-34E6-45A5-A4CA-9271002C5CAE}.Debug|Any CPU.Build.0 = Debug|Any CPU
		{0FB0AC60-34E6-45A5-A4CA-9271002C5CAE}.Debug|x64.ActiveCfg = Debug|Any CPU
		{0FB0AC60-34E6-45A5-A4CA-9271002C5CAE}.Debug|x64.Build.0 = Debug|Any CPU
		{0FB0AC60-34E6-45A5-A4CA-9271002C5CAE}.Debug|x86.ActiveCfg = Debug|Any CPU
		{0FB0AC60-34E6-45A5-A4CA-9271002C5CAE}.Debug|x86.Build.0 = Debug|Any CPU
		{0FB0AC60-34E6-45A5-A4CA-9271002C5CAE}.Release|Any CPU.ActiveCfg = Release|Any CPU
		{0FB0AC60-34E6-45A5-A4CA-9271002C5CAE}.Release|Any CPU.Build.0 = Release|Any CPU
		{0FB0AC60-34E6-45A5-A4CA-9271002C5CAE}.Release|x64.ActiveCfg = Release|Any CPU
		{0FB0AC60-34E6-45A5-A4CA-9271002C5CAE}.Release|x64.Build.0 = Release|Any CPU
		{0FB0AC60-34E6-45A5-A4CA-9271002C5CAE}.Release|x86.ActiveCfg = Release|Any CPU
		{0FB0AC60-34E6-45A5-A4CA-9271002C5CAE}.Release|x86.Build.0 = Release|Any CPU
		{CCD1E4AA-257D-4DFD-9349-5FB2D760E578}.Debug|Any CPU.ActiveCfg = Debug|Any CPU
		{CCD1E4AA-257D-4DFD-9349-5FB2D760E578}.Debug|Any CPU.Build.0 = Debug|Any CPU
		{CCD1E4AA-257D-4DFD-9349-5FB2D760E578}.Debug|x64.ActiveCfg = Debug|Any CPU
		{CCD1E4AA-257D-4DFD-9349-5FB2D760E578}.Debug|x64.Build.0 = Debug|Any CPU
		{CCD1E4AA-257D-4DFD-9349-5FB2D760E578}.Debug|x86.ActiveCfg = Debug|Any CPU
		{CCD1E4AA-257D-4DFD-9349-5FB2D760E578}.Debug|x86.Build.0 = Debug|Any CPU
		{CCD1E4AA-257D-4DFD-9349-5FB2D760E578}.Release|Any CPU.ActiveCfg = Release|Any CPU
		{CCD1E4AA-257D-4DFD-9349-5FB2D760E578}.Release|Any CPU.Build.0 = Release|Any CPU
		{CCD1E4AA-257D-4DFD-9349-5FB2D760E578}.Release|x64.ActiveCfg = Release|Any CPU
		{CCD1E4AA-257D-4DFD-9349-5FB2D760E578}.Release|x64.Build.0 = Release|Any CPU
		{CCD1E4AA-257D-4DFD-9349-5FB2D760E578}.Release|x86.ActiveCfg = Release|Any CPU
		{CCD1E4AA-257D-4DFD-9349-5FB2D760E578}.Release|x86.Build.0 = Release|Any CPU
		{182D9D50-2C7E-4534-ACD4-DDCD1E98678F}.Debug|Any CPU.ActiveCfg = Debug|Any CPU
		{182D9D50-2C7E-4534-ACD4-DDCD1E98678F}.Debug|Any CPU.Build.0 = Debug|Any CPU
		{182D9D50-2C7E-4534-ACD4-DDCD1E98678F}.Debug|x64.ActiveCfg = Debug|Any CPU
		{182D9D50-2C7E-4534-ACD4-DDCD1E98678F}.Debug|x64.Build.0 = Debug|Any CPU
		{182D9D50-2C7E-4534-ACD4-DDCD1E98678F}.Debug|x86.ActiveCfg = Debug|Any CPU
		{182D9D50-2C7E-4534-ACD4-DDCD1E98678F}.Debug|x86.Build.0 = Debug|Any CPU
		{182D9D50-2C7E-4534-ACD4-DDCD1E98678F}.Release|Any CPU.ActiveCfg = Release|Any CPU
		{182D9D50-2C7E-4534-ACD4-DDCD1E98678F}.Release|Any CPU.Build.0 = Release|Any CPU
		{182D9D50-2C7E-4534-ACD4-DDCD1E98678F}.Release|x64.ActiveCfg = Release|Any CPU
		{182D9D50-2C7E-4534-ACD4-DDCD1E98678F}.Release|x64.Build.0 = Release|Any CPU
		{182D9D50-2C7E-4534-ACD4-DDCD1E98678F}.Release|x86.ActiveCfg = Release|Any CPU
		{182D9D50-2C7E-4534-ACD4-DDCD1E98678F}.Release|x86.Build.0 = Release|Any CPU
		{2FDE6406-3CF6-4936-B871-C803141C30F1}.Debug|Any CPU.ActiveCfg = Debug|Any CPU
		{2FDE6406-3CF6-4936-B871-C803141C30F1}.Debug|Any CPU.Build.0 = Debug|Any CPU
		{2FDE6406-3CF6-4936-B871-C803141C30F1}.Debug|x64.ActiveCfg = Debug|Any CPU
		{2FDE6406-3CF6-4936-B871-C803141C30F1}.Debug|x64.Build.0 = Debug|Any CPU
		{2FDE6406-3CF6-4936-B871-C803141C30F1}.Debug|x86.ActiveCfg = Debug|Any CPU
		{2FDE6406-3CF6-4936-B871-C803141C30F1}.Debug|x86.Build.0 = Debug|Any CPU
		{2FDE6406-3CF6-4936-B871-C803141C30F1}.Release|Any CPU.ActiveCfg = Release|Any CPU
		{2FDE6406-3CF6-4936-B871-C803141C30F1}.Release|Any CPU.Build.0 = Release|Any CPU
		{2FDE6406-3CF6-4936-B871-C803141C30F1}.Release|x64.ActiveCfg = Release|Any CPU
		{2FDE6406-3CF6-4936-B871-C803141C30F1}.Release|x64.Build.0 = Release|Any CPU
		{2FDE6406-3CF6-4936-B871-C803141C30F1}.Release|x86.ActiveCfg = Release|Any CPU
		{2FDE6406-3CF6-4936-B871-C803141C30F1}.Release|x86.Build.0 = Release|Any CPU
	EndGlobalSection
EndGlobal
